
Microsoft Visual Studio Solution File, Format Version 11.00
# Visual Studio 2010
Project("{8BC9CEB8-8B4A-11D0-8D11-00A0C91BC942}") = "Doom2", "Doom2\Doom2.vcxproj", "{4407E8C6-0F72-4308-856F-1E130980E831}"
EndProject
Project("{2150E333-8FDC-42A3-9474-1A3956D46DE8}") = "Solution Items", "Solution Items", "{155B3A14-760C-4A3D-9482-84B4736A0B78}"
	ProjectSection(SolutionItems) = preProject
		Performance1.psess = Performance1.psess
	EndProjectSection
EndProject
Global
	GlobalSection(TeamFoundationVersionControl) = preSolution
		SccNumberOfProjects = 2
		SccEnterpriseProvider = {4CA58AB2-18FA-4F8D-95D4-32DDF27D184C}
		SccTeamFoundationServer = http://tfs2.crownandcode.com:8080/tfs/defaultcollection
		SccLocalPath0 = .
		SccProjectUniqueName1 = Doom2\\Doom2.vcxproj
		SccProjectName1 = Doom2
		SccLocalPath1 = Doom2
	EndGlobalSection
	GlobalSection(SolutionConfigurationPlatforms) = preSolution
		Debug|Win32 = Debug|Win32
		Release|Win32 = Release|Win32
	EndGlobalSection
	GlobalSection(ProjectConfigurationPlatforms) = postSolution
		{4407E8C6-0F72-4308-856F-1E130980E831}.Debug|Win32.ActiveCfg = Debug|Win32
		{4407E8C6-0F72-4308-856F-1E130980E831}.Debug|Win32.Build.0 = Debug|Win32
		{4407E8C6-0F72-4308-856F-1E130980E831}.Release|Win32.ActiveCfg = Release|Win32
		{4407E8C6-0F72-4308-856F-1E130980E831}.Release|Win32.Build.0 = Release|Win32
	EndGlobalSection
	GlobalSection(SolutionProperties) = preSolution
		HideSolutionNode = FALSE
	EndGlobalSection
EndGlobal
