// !$*UTF8*$!
{
	archiveVersion = 1;
	classes = {
	};
	objectVersion = 46;
	objects = {

/* Begin PBXBuildFile section */
		68A30960163F6F2E005BA592 /* ComponentFactory.h in Headers */ = {isa = PBXBuildFile; fileRef = 68A30947163F6F2E005BA592 /* ComponentFactory.h */; };
		68A30961163F6F2E005BA592 /* Content.h in Headers */ = {isa = PBXBuildFile; fileRef = 68A30948163F6F2E005BA592 /* Content.h */; };
		68A30962163F6F2E005BA592 /* Conversions.h in Headers */ = {isa = PBXBuildFile; fileRef = 68A30949163F6F2E005BA592 /* Conversions.h */; };
		68A30963163F6F2E005BA592 /* Game.h in Headers */ = {isa = PBXBuildFile; fileRef = 68A3094A163F6F2E005BA592 /* Game.h */; };
		68A30964163F6F2E005BA592 /* GDKError.h in Headers */ = {isa = PBXBuildFile; fileRef = 68A3094B163F6F2E005BA592 /* GDKError.h */; };
		68A30965163F6F2E005BA592 /* GDKMath.h in Headers */ = {isa = PBXBuildFile; fileRef = 68A3094C163F6F2E005BA592 /* GDKMath.h */; };
		68A30966163F6F2E005BA592 /* GDKStream.h in Headers */ = {isa = PBXBuildFile; fileRef = 68A3094D163F6F2E005BA592 /* GDKStream.h */; };
		68A30967163F6F2E005BA592 /* GDKString.h in Headers */ = {isa = PBXBuildFile; fileRef = 68A3094E163F6F2E005BA592 /* GDKString.h */; };
		68A30968163F6F2E005BA592 /* Graphics.h in Headers */ = {isa = PBXBuildFile; fileRef = 68A3094F163F6F2E005BA592 /* Graphics.h */; };
		68A30969163F6F2E005BA592 /* MathUtil.h in Headers */ = {isa = PBXBuildFile; fileRef = 68A30950163F6F2E005BA592 /* MathUtil.h */; };
		68A3096A163F6F2E005BA592 /* Matrix.h in Headers */ = {isa = PBXBuildFile; fileRef = 68A30951163F6F2E005BA592 /* Matrix.h */; };
		68A3096B163F6F2E005BA592 /* Platform.h in Headers */ = {isa = PBXBuildFile; fileRef = 68A30953163F6F2E005BA592 /* Platform.h */; };
		68A3096D163F6F2E005BA592 /* ResourceData.h in Headers */ = {isa = PBXBuildFile; fileRef = 68A30955163F6F2E005BA592 /* ResourceData.h */; };
		68A3096E163F6F2E005BA592 /* Resources.h in Headers */ = {isa = PBXBuildFile; fileRef = 68A30956163F6F2E005BA592 /* Resources.h */; };
		68A3096F163F6F2E005BA592 /* RuntimeObject.h in Headers */ = {isa = PBXBuildFile; fileRef = 68A30957163F6F2E005BA592 /* RuntimeObject.h */; };
		68A30970163F6F2E005BA592 /* Vector2.h in Headers */ = {isa = PBXBuildFile; fileRef = 68A30958163F6F2E005BA592 /* Vector2.h */; };
		68A30971163F6F2E005BA592 /* Vector3.h in Headers */ = {isa = PBXBuildFile; fileRef = 68A3095A163F6F2E005BA592 /* Vector3.h */; };
		68A30972163F6F2E005BA592 /* Vector4.h in Headers */ = {isa = PBXBuildFile; fileRef = 68A3095C163F6F2E005BA592 /* Vector4.h */; };
		68A30973163F6F2E005BA592 /* XPlatCom.h in Headers */ = {isa = PBXBuildFile; fileRef = 68A3095E163F6F2E005BA592 /* XPlatCom.h */; };
		68A30974163F6F2E005BA592 /* XPlatWrl.h in Headers */ = {isa = PBXBuildFile; fileRef = 68A3095F163F6F2E005BA592 /* XPlatWrl.h */; };
		68A30975163F6F3A005BA592 /* Matrix.inl in Headers */ = {isa = PBXBuildFile; fileRef = 68A30952163F6F2E005BA592 /* Matrix.inl */; };
		68A30976163F6F3A005BA592 /* Vector2.inl in Headers */ = {isa = PBXBuildFile; fileRef = 68A30959163F6F2E005BA592 /* Vector2.inl */; };
		68A30977163F6F3A005BA592 /* Vector3.inl in Headers */ = {isa = PBXBuildFile; fileRef = 68A3095B163F6F2E005BA592 /* Vector3.inl */; };
		68A30978163F6F3A005BA592 /* Vector4.inl in Headers */ = {isa = PBXBuildFile; fileRef = 68A3095D163F6F2E005BA592 /* Vector4.inl */; };
		68F8E7D81651E7F3006864AC /* ContentArchive.cpp in Sources */ = {isa = PBXBuildFile; fileRef = 68F8E7D01651E7F3006864AC /* ContentArchive.cpp */; };
		68F8E7D91651E7F3006864AC /* ContentArchive.h in Headers */ = {isa = PBXBuildFile; fileRef = 68F8E7D11651E7F3006864AC /* ContentArchive.h */; };
		68F8E7DA1651E7F3006864AC /* GeometryResource.cpp in Sources */ = {isa = PBXBuildFile; fileRef = 68F8E7D21651E7F3006864AC /* GeometryResource.cpp */; };
		68F8E7DB1651E7F3006864AC /* GeometryResource.h in Headers */ = {isa = PBXBuildFile; fileRef = 68F8E7D31651E7F3006864AC /* GeometryResource.h */; };
		68F8E7DE1651E7F3006864AC /* TextureResource.cpp in Sources */ = {isa = PBXBuildFile; fileRef = 68F8E7D61651E7F3006864AC /* TextureResource.cpp */; };
		68F8E7DF1651E7F3006864AC /* TextureResource.h in Headers */ = {isa = PBXBuildFile; fileRef = 68F8E7D71651E7F3006864AC /* TextureResource.h */; };
		68F8E7E21651E812006864AC /* Precomp.h in Headers */ = {isa = PBXBuildFile; fileRef = 68F8E7E11651E812006864AC /* Precomp.h */; };
/* End PBXBuildFile section */

/* Begin PBXFileReference section */
		68A3093F163F6F00005BA592 /* libGDK-Content.a */ = {isa = PBXFileReference; explicitFileType = archive.ar; includeInIndex = 0; path = "libGDK-Content.a"; sourceTree = BUILT_PRODUCTS_DIR; };
		68A30947163F6F2E005BA592 /* ComponentFactory.h */ = {isa = PBXFileReference; fileEncoding = 4; lastKnownFileType = sourcecode.c.h; path = ComponentFactory.h; sourceTree = "<group>"; };
		68A30948163F6F2E005BA592 /* Content.h */ = {isa = PBXFileReference; fileEncoding = 4; lastKnownFileType = sourcecode.c.h; path = Content.h; sourceTree = "<group>"; };
		68A30949163F6F2E005BA592 /* Conversions.h */ = {isa = PBXFileReference; fileEncoding = 4; lastKnownFileType = sourcecode.c.h; path = Conversions.h; sourceTree = "<group>"; };
		68A3094A163F6F2E005BA592 /* Game.h */ = {isa = PBXFileReference; fileEncoding = 4; lastKnownFileType = sourcecode.c.h; path = Game.h; sourceTree = "<group>"; };
		68A3094B163F6F2E005BA592 /* GDKError.h */ = {isa = PBXFileReference; fileEncoding = 4; lastKnownFileType = sourcecode.c.h; path = GDKError.h; sourceTree = "<group>"; };
		68A3094C163F6F2E005BA592 /* GDKMath.h */ = {isa = PBXFileReference; fileEncoding = 4; lastKnownFileType = sourcecode.c.h; path = GDKMath.h; sourceTree = "<group>"; };
		68A3094D163F6F2E005BA592 /* GDKStream.h */ = {isa = PBXFileReference; fileEncoding = 4; lastKnownFileType = sourcecode.c.h; path = GDKStream.h; sourceTree = "<group>"; };
		68A3094E163F6F2E005BA592 /* GDKString.h */ = {isa = PBXFileReference; fileEncoding = 4; lastKnownFileType = sourcecode.c.h; path = GDKString.h; sourceTree = "<group>"; };
		68A3094F163F6F2E005BA592 /* Graphics.h */ = {isa = PBXFileReference; fileEncoding = 4; lastKnownFileType = sourcecode.c.h; path = Graphics.h; sourceTree = "<group>"; };
		68A30950163F6F2E005BA592 /* MathUtil.h */ = {isa = PBXFileReference; fileEncoding = 4; lastKnownFileType = sourcecode.c.h; path = MathUtil.h; sourceTree = "<group>"; };
		68A30951163F6F2E005BA592 /* Matrix.h */ = {isa = PBXFileReference; fileEncoding = 4; lastKnownFileType = sourcecode.c.h; path = Matrix.h; sourceTree = "<group>"; };
		68A30952163F6F2E005BA592 /* Matrix.inl */ = {isa = PBXFileReference; explicitFileType = sourcecode.c.h; fileEncoding = 4; path = Matrix.inl; sourceTree = "<group>"; };
		68A30953163F6F2E005BA592 /* Platform.h */ = {isa = PBXFileReference; fileEncoding = 4; lastKnownFileType = sourcecode.c.h; path = Platform.h; sourceTree = "<group>"; };
		68A30955163F6F2E005BA592 /* ResourceData.h */ = {isa = PBXFileReference; fileEncoding = 4; lastKnownFileType = sourcecode.c.h; path = ResourceData.h; sourceTree = "<group>"; };
		68A30956163F6F2E005BA592 /* Resources.h */ = {isa = PBXFileReference; fileEncoding = 4; lastKnownFileType = sourcecode.c.h; path = Resources.h; sourceTree = "<group>"; };
		68A30957163F6F2E005BA592 /* RuntimeObject.h */ = {isa = PBXFileReference; fileEncoding = 4; lastKnownFileType = sourcecode.c.h; path = RuntimeObject.h; sourceTree = "<group>"; };
		68A30958163F6F2E005BA592 /* Vector2.h */ = {isa = PBXFileReference; fileEncoding = 4; lastKnownFileType = sourcecode.c.h; path = Vector2.h; sourceTree = "<group>"; };
		68A30959163F6F2E005BA592 /* Vector2.inl */ = {isa = PBXFileReference; explicitFileType = sourcecode.c.h; fileEncoding = 4; path = Vector2.inl; sourceTree = "<group>"; };
		68A3095A163F6F2E005BA592 /* Vector3.h */ = {isa = PBXFileReference; fileEncoding = 4; lastKnownFileType = sourcecode.c.h; path = Vector3.h; sourceTree = "<group>"; };
		68A3095B163F6F2E005BA592 /* Vector3.inl */ = {isa = PBXFileReference; explicitFileType = sourcecode.c.h; fileEncoding = 4; path = Vector3.inl; sourceTree = "<group>"; };
		68A3095C163F6F2E005BA592 /* Vector4.h */ = {isa = PBXFileReference; fileEncoding = 4; lastKnownFileType = sourcecode.c.h; path = Vector4.h; sourceTree = "<group>"; };
		68A3095D163F6F2E005BA592 /* Vector4.inl */ = {isa = PBXFileReference; explicitFileType = sourcecode.c.h; fileEncoding = 4; path = Vector4.inl; sourceTree = "<group>"; };
		68A3095E163F6F2E005BA592 /* XPlatCom.h */ = {isa = PBXFileReference; fileEncoding = 4; lastKnownFileType = sourcecode.c.h; path = XPlatCom.h; sourceTree = "<group>"; };
		68A3095F163F6F2E005BA592 /* XPlatWrl.h */ = {isa = PBXFileReference; fileEncoding = 4; lastKnownFileType = sourcecode.c.h; path = XPlatWrl.h; sourceTree = "<group>"; };
		68F8E7D01651E7F3006864AC /* ContentArchive.cpp */ = {isa = PBXFileReference; fileEncoding = 4; lastKnownFileType = sourcecode.cpp.cpp; path = ContentArchive.cpp; sourceTree = "<group>"; };
		68F8E7D11651E7F3006864AC /* ContentArchive.h */ = {isa = PBXFileReference; fileEncoding = 4; lastKnownFileType = sourcecode.c.h; path = ContentArchive.h; sourceTree = "<group>"; };
		68F8E7D21651E7F3006864AC /* GeometryResource.cpp */ = {isa = PBXFileReference; fileEncoding = 4; lastKnownFileType = sourcecode.cpp.cpp; path = GeometryResource.cpp; sourceTree = "<group>"; };
		68F8E7D31651E7F3006864AC /* GeometryResource.h */ = {isa = PBXFileReference; fileEncoding = 4; lastKnownFileType = sourcecode.c.h; path = GeometryResource.h; sourceTree = "<group>"; };
		68F8E7D61651E7F3006864AC /* TextureResource.cpp */ = {isa = PBXFileReference; fileEncoding = 4; lastKnownFileType = sourcecode.cpp.cpp; path = TextureResource.cpp; sourceTree = "<group>"; };
		68F8E7D71651E7F3006864AC /* TextureResource.h */ = {isa = PBXFileReference; fileEncoding = 4; lastKnownFileType = sourcecode.c.h; path = TextureResource.h; sourceTree = "<group>"; };
		68F8E7E11651E812006864AC /* Precomp.h */ = {isa = PBXFileReference; fileEncoding = 4; lastKnownFileType = sourcecode.c.h; name = Precomp.h; path = ../Precomp.h; sourceTree = "<group>"; };
/* End PBXFileReference section */

/* Begin PBXFrameworksBuildPhase section */
		68A3093C163F6F00005BA592 /* Frameworks */ = {
			isa = PBXFrameworksBuildPhase;
			buildActionMask = 2147483647;
			files = (
			);
			runOnlyForDeploymentPostprocessing = 0;
		};
/* End PBXFrameworksBuildPhase section */

/* Begin PBXGroup section */
		68A30934163F6F00005BA592 = {
			isa = PBXGroup;
			children = (
				68F8E7E11651E812006864AC /* Precomp.h */,
				68F8E7D01651E7F3006864AC /* ContentArchive.cpp */,
				68F8E7D11651E7F3006864AC /* ContentArchive.h */,
				68F8E7D21651E7F3006864AC /* GeometryResource.cpp */,
				68F8E7D31651E7F3006864AC /* GeometryResource.h */,
				68F8E7D61651E7F3006864AC /* TextureResource.cpp */,
				68F8E7D71651E7F3006864AC /* TextureResource.h */,
				68A30946163F6F2E005BA592 /* Inc */,
				68A30940163F6F00005BA592 /* Products */,
			);
			sourceTree = "<group>";
		};
		68A30940163F6F00005BA592 /* Products */ = {
			isa = PBXGroup;
			children = (
				68A3093F163F6F00005BA592 /* libGDK-Content.a */,
			);
			name = Products;
			sourceTree = "<group>";
		};
		68A30946163F6F2E005BA592 /* Inc */ = {
			isa = PBXGroup;
			children = (
				68A30947163F6F2E005BA592 /* ComponentFactory.h */,
				68A30948163F6F2E005BA592 /* Content.h */,
				68A30949163F6F2E005BA592 /* Conversions.h */,
				68A3094A163F6F2E005BA592 /* Game.h */,
				68A3094B163F6F2E005BA592 /* GDKError.h */,
				68A3094C163F6F2E005BA592 /* GDKMath.h */,
				68A3094D163F6F2E005BA592 /* GDKStream.h */,
				68A3094E163F6F2E005BA592 /* GDKString.h */,
				68A3094F163F6F2E005BA592 /* Graphics.h */,
				68A30950163F6F2E005BA592 /* MathUtil.h */,
				68A30951163F6F2E005BA592 /* Matrix.h */,
				68A30952163F6F2E005BA592 /* Matrix.inl */,
				68A30953163F6F2E005BA592 /* Platform.h */,
				68A30955163F6F2E005BA592 /* ResourceData.h */,
				68A30956163F6F2E005BA592 /* Resources.h */,
				68A30957163F6F2E005BA592 /* RuntimeObject.h */,
				68A30958163F6F2E005BA592 /* Vector2.h */,
				68A30959163F6F2E005BA592 /* Vector2.inl */,
				68A3095A163F6F2E005BA592 /* Vector3.h */,
				68A3095B163F6F2E005BA592 /* Vector3.inl */,
				68A3095C163F6F2E005BA592 /* Vector4.h */,
				68A3095D163F6F2E005BA592 /* Vector4.inl */,
				68A3095E163F6F2E005BA592 /* XPlatCom.h */,
				68A3095F163F6F2E005BA592 /* XPlatWrl.h */,
			);
			name = Inc;
			path = ../../Inc;
			sourceTree = "<group>";
		};
/* End PBXGroup section */

/* Begin PBXHeadersBuildPhase section */
		68A3093D163F6F00005BA592 /* Headers */ = {
			isa = PBXHeadersBuildPhase;
			buildActionMask = 2147483647;
			files = (
				68A30960163F6F2E005BA592 /* ComponentFactory.h in Headers */,
				68A30961163F6F2E005BA592 /* Content.h in Headers */,
				68A30962163F6F2E005BA592 /* Conversions.h in Headers */,
				68A30963163F6F2E005BA592 /* Game.h in Headers */,
				68A30964163F6F2E005BA592 /* GDKError.h in Headers */,
				68A30965163F6F2E005BA592 /* GDKMath.h in Headers */,
				68A30966163F6F2E005BA592 /* GDKStream.h in Headers */,
				68A30967163F6F2E005BA592 /* GDKString.h in Headers */,
				68A30968163F6F2E005BA592 /* Graphics.h in Headers */,
				68A30969163F6F2E005BA592 /* MathUtil.h in Headers */,
				68A3096A163F6F2E005BA592 /* Matrix.h in Headers */,
				68A3096B163F6F2E005BA592 /* Platform.h in Headers */,
				68A3096D163F6F2E005BA592 /* ResourceData.h in Headers */,
				68A3096E163F6F2E005BA592 /* Resources.h in Headers */,
				68A3096F163F6F2E005BA592 /* RuntimeObject.h in Headers */,
				68A30970163F6F2E005BA592 /* Vector2.h in Headers */,
				68A30971163F6F2E005BA592 /* Vector3.h in Headers */,
				68A30972163F6F2E005BA592 /* Vector4.h in Headers */,
				68A30973163F6F2E005BA592 /* XPlatCom.h in Headers */,
				68A30974163F6F2E005BA592 /* XPlatWrl.h in Headers */,
				68A30975163F6F3A005BA592 /* Matrix.inl in Headers */,
				68A30976163F6F3A005BA592 /* Vector2.inl in Headers */,
				68A30977163F6F3A005BA592 /* Vector3.inl in Headers */,
				68A30978163F6F3A005BA592 /* Vector4.inl in Headers */,
				68F8E7D91651E7F3006864AC /* ContentArchive.h in Headers */,
				68F8E7DB1651E7F3006864AC /* GeometryResource.h in Headers */,
				68F8E7DF1651E7F3006864AC /* TextureResource.h in Headers */,
				68F8E7E21651E812006864AC /* Precomp.h in Headers */,
			);
			runOnlyForDeploymentPostprocessing = 0;
		};
/* End PBXHeadersBuildPhase section */

/* Begin PBXNativeTarget section */
		68A3093E163F6F00005BA592 /* GDK-Content */ = {
			isa = PBXNativeTarget;
			buildConfigurationList = 68A30943163F6F00005BA592 /* Build configuration list for PBXNativeTarget "GDK-Content" */;
			buildPhases = (
				68A3093B163F6F00005BA592 /* Sources */,
				68A3093C163F6F00005BA592 /* Frameworks */,
				68A3093D163F6F00005BA592 /* Headers */,
			);
			buildRules = (
			);
			dependencies = (
			);
			name = "GDK-Content";
			productName = "GDK-Content";
			productReference = 68A3093F163F6F00005BA592 /* libGDK-Content.a */;
			productType = "com.apple.product-type.library.static";
		};
/* End PBXNativeTarget section */

/* Begin PBXProject section */
		68A30936163F6F00005BA592 /* Project object */ = {
			isa = PBXProject;
			attributes = {
				LastUpgradeCheck = 0450;
				ORGANIZATIONNAME = GDK;
			};
			buildConfigurationList = 68A30939163F6F00005BA592 /* Build configuration list for PBXProject "GDK-Content" */;
			compatibilityVersion = "Xcode 3.2";
			developmentRegion = English;
			hasScannedForEncodings = 0;
			knownRegions = (
				en,
			);
			mainGroup = 68A30934163F6F00005BA592;
			productRefGroup = 68A30940163F6F00005BA592 /* Products */;
			projectDirPath = "";
			projectRoot = "";
			targets = (
				68A3093E163F6F00005BA592 /* GDK-Content */,
			);
		};
/* End PBXProject section */

/* Begin PBXSourcesBuildPhase section */
		68A3093B163F6F00005BA592 /* Sources */ = {
			isa = PBXSourcesBuildPhase;
			buildActionMask = 2147483647;
			files = (
				68F8E7D81651E7F3006864AC /* ContentArchive.cpp in Sources */,
				68F8E7DA1651E7F3006864AC /* GeometryResource.cpp in Sources */,
				68F8E7DE1651E7F3006864AC /* TextureResource.cpp in Sources */,
			);
			runOnlyForDeploymentPostprocessing = 0;
		};
/* End PBXSourcesBuildPhase section */

/* Begin XCBuildConfiguration section */
		68A30941163F6F00005BA592 /* Debug */ = {
			isa = XCBuildConfiguration;
			buildSettings = {
				ALWAYS_SEARCH_USER_PATHS = NO;
				ARCHS = "$(ARCHS_STANDARD_64_BIT)";
				CLANG_CXX_LANGUAGE_STANDARD = "gnu++0x";
				CLANG_CXX_LIBRARY = "libc++";
				CLANG_WARN_EMPTY_BODY = YES;
				CLANG_WARN__DUPLICATE_METHOD_MATCH = YES;
				COPY_PHASE_STRIP = NO;
				GCC_C_LANGUAGE_STANDARD = gnu99;
				GCC_DYNAMIC_NO_PIC = NO;
				GCC_ENABLE_OBJC_EXCEPTIONS = YES;
				GCC_OPTIMIZATION_LEVEL = 0;
				GCC_PREPROCESSOR_DEFINITIONS = (
					"DEBUG=1",
					"$(inherited)",
				);
				GCC_SYMBOLS_PRIVATE_EXTERN = NO;
				GCC_WARN_64_TO_32_BIT_CONVERSION = YES;
				GCC_WARN_ABOUT_RETURN_TYPE = YES;
				GCC_WARN_UNINITIALIZED_AUTOS = YES;
				GCC_WARN_UNUSED_VARIABLE = YES;
				MACOSX_DEPLOYMENT_TARGET = 10.8;
				ONLY_ACTIVE_ARCH = YES;
				SDKROOT = macosx;
			};
			name = Debug;
		};
		68A30942163F6F00005BA592 /* Release */ = {
			isa = XCBuildConfiguration;
			buildSettings = {
				ALWAYS_SEARCH_USER_PATHS = NO;
				ARCHS = "$(ARCHS_STANDARD_64_BIT)";
				CLANG_CXX_LANGUAGE_STANDARD = "gnu++0x";
				CLANG_CXX_LIBRARY = "libc++";
				CLANG_WARN_EMPTY_BODY = YES;
				CLANG_WARN__DUPLICATE_METHOD_MATCH = YES;
				COPY_PHASE_STRIP = YES;
				DEBUG_INFORMATION_FORMAT = "dwarf-with-dsym";
				GCC_C_LANGUAGE_STANDARD = gnu99;
				GCC_ENABLE_OBJC_EXCEPTIONS = YES;
				GCC_WARN_64_TO_32_BIT_CONVERSION = YES;
				GCC_WARN_ABOUT_RETURN_TYPE = YES;
				GCC_WARN_UNINITIALIZED_AUTOS = YES;
				GCC_WARN_UNUSED_VARIABLE = YES;
				MACOSX_DEPLOYMENT_TARGET = 10.8;
				SDKROOT = macosx;
			};
			name = Release;
		};
		68A30944163F6F00005BA592 /* Debug */ = {
			isa = XCBuildConfiguration;
			buildSettings = {
				EXECUTABLE_PREFIX = lib;
				HEADER_SEARCH_PATHS = "../../Inc/**";
				PRODUCT_NAME = "$(TARGET_NAME)";
				USER_HEADER_SEARCH_PATHS = "../../Inc/**";
			};
			name = Debug;
		};
		68A30945163F6F00005BA592 /* Release */ = {
			isa = XCBuildConfiguration;
			buildSettings = {
				EXECUTABLE_PREFIX = lib;
				HEADER_SEARCH_PATHS = "../../Inc/**";
				PRODUCT_NAME = "$(TARGET_NAME)";
				USER_HEADER_SEARCH_PATHS = "../../Inc/**";
			};
			name = Release;
		};
/* End XCBuildConfiguration section */

/* Begin XCConfigurationList section */
		68A30939163F6F00005BA592 /* Build configuration list for PBXProject "GDK-Content" */ = {
			isa = XCConfigurationList;
			buildConfigurations = (
				68A30941163F6F00005BA592 /* Debug */,
				68A30942163F6F00005BA592 /* Release */,
			);
			defaultConfigurationIsVisible = 0;
			defaultConfigurationName = Release;
		};
		68A30943163F6F00005BA592 /* Build configuration list for PBXNativeTarget "GDK-Content" */ = {
			isa = XCConfigurationList;
			buildConfigurations = (
				68A30944163F6F00005BA592 /* Debug */,
				68A30945163F6F00005BA592 /* Release */,
			);
			defaultConfigurationIsVisible = 0;
			defaultConfigurationName = Release;
		};
/* End XCConfigurationList section */
	};
	rootObject = 68A30936163F6F00005BA592 /* Project object */;
}
