
Microsoft Visual Studio Solution File, Format Version 12.00
# Visual Studio 2013
VisualStudioVersion = 12.0.21005.1
MinimumVisualStudioVersion = 10.0.40219.1
Project("{8BC9CEB8-8B4A-11D0-8D11-00A0C91BC942}") = "OldSchool", "OldSchool.vcxproj", "{8BEF6B71-D386-48AB-B8E7-5F5D76881E64}"
	ProjectSection(ProjectDependencies) = postProject
		{371B9FA9-4C90-4AC6-A123-ACED756D6C77} = {371B9FA9-4C90-4AC6-A123-ACED756D6C77}
		{C0AE7AC0-D46B-45C8-9CC0-B77445E44BD5} = {C0AE7AC0-D46B-45C8-9CC0-B77445E44BD5}
	EndProjectSection
EndProject
Project("{8BC9CEB8-8B4A-11D0-8D11-00A0C91BC942}") = "DirectXTex", "..\DirectXTex\DirectXTex\DirectXTex_Desktop_2013.vcxproj", "{371B9FA9-4C90-4AC6-A123-ACED756D6C77}"
EndProject
Project("{2150E333-8FDC-42A3-9474-1A3956D46DE8}") = "Solution Items", "Solution Items", "{39E8046C-0E11-4FCC-B3F0-248542605F20}"
	ProjectSection(SolutionItems) = preProject
		Performance1.psess = Performance1.psess
	EndProjectSection
EndProject
Project("{8BC9CEB8-8B4A-11D0-8D11-00A0C91BC942}") = "OldSchoolMath", "..\OldSchoolMath\OldSchoolMath.vcxproj", "{C0AE7AC0-D46B-45C8-9CC0-B77445E44BD5}"
EndProject
Global
	GlobalSection(TeamFoundationVersionControl) = preSolution
		SccNumberOfProjects = 4
		SccEnterpriseProvider = {4CA58AB2-18FA-4F8D-95D4-32DDF27D184C}
		SccTeamFoundationServer = https://crownandcode.visualstudio.com/defaultcollection
		SccLocalPath0 = .
		SccProjectUniqueName1 = OldSchool.vcxproj
		SccLocalPath1 = .
		SccProjectUniqueName2 = ..\\DirectXTex\\DirectXTex\\DirectXTex_Desktop_2013.vcxproj
		SccProjectName2 = ../DirectXTex/DirectXTex
		SccLocalPath2 = ..\\DirectXTex\\DirectXTex
		SccProjectUniqueName3 = ..\\OldSchoolMath\\OldSchoolMath.vcxproj
		SccProjectName3 = ../OldSchoolMath
		SccLocalPath3 = ..\\OldSchoolMath
	EndGlobalSection
	GlobalSection(SolutionConfigurationPlatforms) = preSolution
		Debug|x64 = Debug|x64
		Release|x64 = Release|x64
	EndGlobalSection
	GlobalSection(ProjectConfigurationPlatforms) = postSolution
		{8BEF6B71-D386-48AB-B8E7-5F5D76881E64}.Debug|x64.ActiveCfg = Debug|x64
		{8BEF6B71-D386-48AB-B8E7-5F5D76881E64}.Debug|x64.Build.0 = Debug|x64
		{8BEF6B71-D386-48AB-B8E7-5F5D76881E64}.Release|x64.ActiveCfg = Release|x64
		{8BEF6B71-D386-48AB-B8E7-5F5D76881E64}.Release|x64.Build.0 = Release|x64
		{371B9FA9-4C90-4AC6-A123-ACED756D6C77}.Debug|x64.ActiveCfg = Debug|x64
		{371B9FA9-4C90-4AC6-A123-ACED756D6C77}.Debug|x64.Build.0 = Debug|x64
		{371B9FA9-4C90-4AC6-A123-ACED756D6C77}.Release|x64.ActiveCfg = Release|x64
		{371B9FA9-4C90-4AC6-A123-ACED756D6C77}.Release|x64.Build.0 = Release|x64
		{C0AE7AC0-D46B-45C8-9CC0-B77445E44BD5}.Debug|x64.ActiveCfg = Debug|x64
		{C0AE7AC0-D46B-45C8-9CC0-B77445E44BD5}.Debug|x64.Build.0 = Debug|x64
		{C0AE7AC0-D46B-45C8-9CC0-B77445E44BD5}.Release|x64.ActiveCfg = Release|x64
		{C0AE7AC0-D46B-45C8-9CC0-B77445E44BD5}.Release|x64.Build.0 = Release|x64
	EndGlobalSection
	GlobalSection(SolutionProperties) = preSolution
		HideSolutionNode = FALSE
	EndGlobalSection
EndGlobal
